
Microsoft Visual Studio Solution File, Format Version 12.00
# Visual Studio Version 17
VisualStudioVersion = 17.5.002.0
MinimumVisualStudioVersion = 10.0.40219.1
Project("{9A19103F-16F7-4668-BE54-9A1E7A4F7556}") = "Necromancy", "Necromancy.csproj", "{0FD02519-8403-437D-A2E0-BC9987631C26}"
EndProject
Global
	GlobalSection(SolutionConfigurationPlatforms) = preSolution
		Debug|Any CPU = Debug|Any CPU
		Release|Any CPU = Release|Any CPU
	EndGlobalSection
	GlobalSection(ProjectConfigurationPlatforms) = postSolution
		{0FD02519-8403-437D-A2E0-BC9987631C26}.Debug|Any CPU.ActiveCfg = Debug|Any CPU
		{0FD02519-8403-437D-A2E0-BC9987631C26}.Debug|Any CPU.Build.0 = Debug|Any CPU
		{0FD02519-8403-437D-A2E0-BC9987631C26}.Release|Any CPU.ActiveCfg = Release|Any CPU
		{0FD02519-8403-437D-A2E0-BC9987631C26}.Release|Any CPU.Build.0 = Release|Any CPU
	EndGlobalSection
	GlobalSection(SolutionProperties) = preSolution
		HideSolutionNode = FALSE
	EndGlobalSection
	GlobalSection(ExtensibilityGlobals) = postSolution
		SolutionGuid = {7F5C77D9-EC35-4206-895D-A444AEC69B92}
	EndGlobalSection
EndGlobal
